
Microsoft Visual Studio Solution File, Format Version 12.00
# Visual Studio 15
VisualStudioVersion = 15.0.28307.1022
MinimumVisualStudioVersion = 10.0.40219.1
Project("{FAE04EC0-301F-11D3-BF4B-00C04F79EFBC}") = "11批量修改标注文本内容", "11批量修改标注文本内容\11批量修改标注文本内容.csproj", "{666D25F1-0593-4828-9063-4893E141787D}"
EndProject
Global
	GlobalSection(SolutionConfigurationPlatforms) = preSolution
		Debug|Any CPU = Debug|Any CPU
		Release|Any CPU = Release|Any CPU
	EndGlobalSection
	GlobalSection(ProjectConfigurationPlatforms) = postSolution
		{666D25F1-0593-4828-9063-4893E141787D}.Debug|Any CPU.ActiveCfg = Debug|Any CPU
		{666D25F1-0593-4828-9063-4893E141787D}.Debug|Any CPU.Build.0 = Debug|Any CPU
		{666D25F1-0593-4828-9063-4893E141787D}.Release|Any CPU.ActiveCfg = Release|Any CPU
		{666D25F1-0593-4828-9063-4893E141787D}.Release|Any CPU.Build.0 = Release|Any CPU
	EndGlobalSection
	GlobalSection(SolutionProperties) = preSolution
		HideSolutionNode = FALSE
	EndGlobalSection
	GlobalSection(ExtensibilityGlobals) = postSolution
		SolutionGuid = {BD459E5F-61F6-44F9-9F70-554825DEC33E}
	EndGlobalSection
EndGlobal
