
Microsoft Visual Studio Solution File, Format Version 12.00
# Visual Studio 15
VisualStudioVersion = 15.0.28307.1022
MinimumVisualStudioVersion = 10.0.40219.1
Project("{FAE04EC0-301F-11D3-BF4B-00C04F79EFBC}") = "07_交互界面实例一", "07_交互界面实例一\07_交互界面实例一.csproj", "{CC745AC9-8C0C-4891-9F17-5630BC443780}"
EndProject
Global
	GlobalSection(SolutionConfigurationPlatforms) = preSolution
		Debug|Any CPU = Debug|Any CPU
		Release|Any CPU = Release|Any CPU
	EndGlobalSection
	GlobalSection(ProjectConfigurationPlatforms) = postSolution
		{CC745AC9-8C0C-4891-9F17-5630BC443780}.Debug|Any CPU.ActiveCfg = Debug|Any CPU
		{CC745AC9-8C0C-4891-9F17-5630BC443780}.Debug|Any CPU.Build.0 = Debug|Any CPU
		{CC745AC9-8C0C-4891-9F17-5630BC443780}.Release|Any CPU.ActiveCfg = Release|Any CPU
		{CC745AC9-8C0C-4891-9F17-5630BC443780}.Release|Any CPU.Build.0 = Release|Any CPU
	EndGlobalSection
	GlobalSection(SolutionProperties) = preSolution
		HideSolutionNode = FALSE
	EndGlobalSection
	GlobalSection(ExtensibilityGlobals) = postSolution
		SolutionGuid = {2F1E9651-8A63-4343-B1C0-15469375755B}
	EndGlobalSection
EndGlobal
