
Microsoft Visual Studio Solution File, Format Version 12.00
# Visual Studio 15
VisualStudioVersion = 15.0.28307.1022
MinimumVisualStudioVersion = 10.0.40219.1
Project("{FAE04EC0-301F-11D3-BF4B-00C04F79EFBC}") = "02_批量统计线段长度", "02_批量统计线段长度\02_批量统计线段长度.csproj", "{F69E3C87-AD77-4A1B-BCBF-6C1803226851}"
EndProject
Global
	GlobalSection(SolutionConfigurationPlatforms) = preSolution
		Debug|Any CPU = Debug|Any CPU
		Release|Any CPU = Release|Any CPU
	EndGlobalSection
	GlobalSection(ProjectConfigurationPlatforms) = postSolution
		{F69E3C87-AD77-4A1B-BCBF-6C1803226851}.Debug|Any CPU.ActiveCfg = Debug|Any CPU
		{F69E3C87-AD77-4A1B-BCBF-6C1803226851}.Debug|Any CPU.Build.0 = Debug|Any CPU
		{F69E3C87-AD77-4A1B-BCBF-6C1803226851}.Release|Any CPU.ActiveCfg = Release|Any CPU
		{F69E3C87-AD77-4A1B-BCBF-6C1803226851}.Release|Any CPU.Build.0 = Release|Any CPU
	EndGlobalSection
	GlobalSection(SolutionProperties) = preSolution
		HideSolutionNode = FALSE
	EndGlobalSection
	GlobalSection(ExtensibilityGlobals) = postSolution
		SolutionGuid = {FD7191DE-A961-479B-8729-1027D0B2FEB4}
	EndGlobalSection
EndGlobal
