
Microsoft Visual Studio Solution File, Format Version 12.00
# Visual Studio 15
VisualStudioVersion = 15.0.28307.1022
MinimumVisualStudioVersion = 10.0.40219.1
Project("{FAE04EC0-301F-11D3-BF4B-00C04F79EFBC}") = "02_EntityCreate", "02_EntityCreate\02_EntityCreate.csproj", "{FE5BF880-C0D1-4425-AF44-5DECFACB38CB}"
EndProject
Global
	GlobalSection(SolutionConfigurationPlatforms) = preSolution
		Debug|Any CPU = Debug|Any CPU
		Release|Any CPU = Release|Any CPU
	EndGlobalSection
	GlobalSection(ProjectConfigurationPlatforms) = postSolution
		{FE5BF880-C0D1-4425-AF44-5DECFACB38CB}.Debug|Any CPU.ActiveCfg = Debug|Any CPU
		{FE5BF880-C0D1-4425-AF44-5DECFACB38CB}.Debug|Any CPU.Build.0 = Debug|Any CPU
		{FE5BF880-C0D1-4425-AF44-5DECFACB38CB}.Release|Any CPU.ActiveCfg = Release|Any CPU
		{FE5BF880-C0D1-4425-AF44-5DECFACB38CB}.Release|Any CPU.Build.0 = Release|Any CPU
	EndGlobalSection
	GlobalSection(SolutionProperties) = preSolution
		HideSolutionNode = FALSE
	EndGlobalSection
	GlobalSection(ExtensibilityGlobals) = postSolution
		SolutionGuid = {5D5030CD-A56D-4770-865F-B1948FECC70B}
	EndGlobalSection
EndGlobal
