
Microsoft Visual Studio Solution File, Format Version 12.00
# Visual Studio 15
VisualStudioVersion = 15.0.28307.1022
MinimumVisualStudioVersion = 10.0.40219.1
Project("{FAE04EC0-301F-11D3-BF4B-00C04F79EFBC}") = "11_块操作", "11_块操作\11_块操作.csproj", "{AD01A750-032A-415E-98B5-DB3AF5737C86}"
EndProject
Global
	GlobalSection(SolutionConfigurationPlatforms) = preSolution
		Debug|Any CPU = Debug|Any CPU
		Release|Any CPU = Release|Any CPU
	EndGlobalSection
	GlobalSection(ProjectConfigurationPlatforms) = postSolution
		{AD01A750-032A-415E-98B5-DB3AF5737C86}.Debug|Any CPU.ActiveCfg = Debug|Any CPU
		{AD01A750-032A-415E-98B5-DB3AF5737C86}.Debug|Any CPU.Build.0 = Debug|Any CPU
		{AD01A750-032A-415E-98B5-DB3AF5737C86}.Release|Any CPU.ActiveCfg = Release|Any CPU
		{AD01A750-032A-415E-98B5-DB3AF5737C86}.Release|Any CPU.Build.0 = Release|Any CPU
	EndGlobalSection
	GlobalSection(SolutionProperties) = preSolution
		HideSolutionNode = FALSE
	EndGlobalSection
	GlobalSection(ExtensibilityGlobals) = postSolution
		SolutionGuid = {C055D55D-FA1E-4262-9B32-2FC3E5870971}
	EndGlobalSection
EndGlobal
